{
    "_meta": {
        "hash": {
            "sha256": "bce65861bc51749b0b9f1af46c53013853f4dca5f7963a56811498cf62d24f30"
        },
        "pipfile-spec": 6,
        "requires": {
            "python_version": "3.7"
        },
        "sources": [
            {
                "name": "pypi",
                "url": "https://pypi.org/simple",
                "verify_ssl": true
            }
        ]
    },
    "default": {
        "awsiotpythonsdk": {
            "hashes": [
                "sha256:7e67c8cfeee8a1c8fd251bcc418de9d4dca697753565c9a9e614525179d9555d",
                "sha256:d924fe734f7e85e4e576a63f2d4723ed7a2d8541115ca7a725fc9568706f1d17"
            ],
            "index": "pypi",
            "version": "==1.4.7"
        },
        "bluepy": {
            "hashes": [
                "sha256:2a71edafe103565fb990256ff3624c1653036a837dfc90e1e32b839f83971cec"
            ],
            "index": "pypi",
            "version": "==1.3.0"
        }
    },
    "develop": {}
}
