{
    "_meta": {
        "hash": {
            "sha256": "7d9049207464913b06d3e2bf10b5f6943e4f83a643fa64cca4245461d192d3a7"
        },
        "pipfile-spec": 6,
        "requires": {
            "python_version": "3.7"
        },
        "sources": [
            {
                "name": "pypi",
                "url": "https://pypi.org/simple",
                "verify_ssl": true
            }
        ]
    },
    "default": {
        "awsiotpythonsdk": {
            "hashes": [
                "sha256:7e67c8cfeee8a1c8fd251bcc418de9d4dca697753565c9a9e614525179d9555d"
            ],
            "index": "pypi",
            "version": "==1.4.7"
        }
    },
    "develop": {}
}
